
Microsoft Visual Studio Solution File, Format Version 12.00
# Visual Studio Version 17
VisualStudioVersion = 17.13.35825.156 d17.13
MinimumVisualStudioVersion = 10.0.40219.1
Project("{888888A0-9F3D-457C-B088-3A5042F75D52}") = "SimpleGame", "SimpleGame\SimpleGame.pyproj", "{EFFC68BE-47EF-4F84-9304-488F34DB6852}"
EndProject
Global
	GlobalSection(SolutionConfigurationPlatforms) = preSolution
		Debug|Any CPU = Debug|Any CPU
		Release|Any CPU = Release|Any CPU
	EndGlobalSection
	GlobalSection(ProjectConfigurationPlatforms) = postSolution
		{EFFC68BE-47EF-4F84-9304-488F34DB6852}.Debug|Any CPU.ActiveCfg = Debug|Any CPU
		{EFFC68BE-47EF-4F84-9304-488F34DB6852}.Release|Any CPU.ActiveCfg = Release|Any CPU
	EndGlobalSection
	GlobalSection(SolutionProperties) = preSolution
		HideSolutionNode = FALSE
	EndGlobalSection
	GlobalSection(ExtensibilityGlobals) = postSolution
		SolutionGuid = {7B73E1F8-0F9E-4B0D-8C03-7A0053698A03}
	EndGlobalSection
EndGlobal
