
Microsoft Visual Studio Solution File, Format Version 12.00
# Visual Studio Version 17
VisualStudioVersion = 17.14.36119.2 d17.14
MinimumVisualStudioVersion = 10.0.40219.1
Project("{888888A0-9F3D-457C-B088-3A5042F75D52}") = "MachineVision", "MachineVision\MachineVision.pyproj", "{5E969209-C6E8-4F6F-84FB-CCA92469A4C6}"
EndProject
Global
	GlobalSection(SolutionConfigurationPlatforms) = preSolution
		Debug|Any CPU = Debug|Any CPU
		Release|Any CPU = Release|Any CPU
	EndGlobalSection
	GlobalSection(ProjectConfigurationPlatforms) = postSolution
		{5E969209-C6E8-4F6F-84FB-CCA92469A4C6}.Debug|Any CPU.ActiveCfg = Debug|Any CPU
		{5E969209-C6E8-4F6F-84FB-CCA92469A4C6}.Release|Any CPU.ActiveCfg = Release|Any CPU
	EndGlobalSection
	GlobalSection(SolutionProperties) = preSolution
		HideSolutionNode = FALSE
	EndGlobalSection
	GlobalSection(ExtensibilityGlobals) = postSolution
		SolutionGuid = {56CFCC08-55E4-4442-8471-928C0B168A72}
	EndGlobalSection
EndGlobal
