
Microsoft Visual Studio Solution File, Format Version 12.00
# Visual Studio Version 17
VisualStudioVersion = 17.13.35825.156 d17.13
MinimumVisualStudioVersion = 10.0.40219.1
Project("{888888A0-9F3D-457C-B088-3A5042F75D52}") = "faceSecurity", "faceSecurity\faceSecurity.pyproj", "{35359188-7466-4CD0-A674-D6EBF083619C}"
EndProject
Global
	GlobalSection(SolutionConfigurationPlatforms) = preSolution
		Debug|Any CPU = Debug|Any CPU
		Release|Any CPU = Release|Any CPU
	EndGlobalSection
	GlobalSection(ProjectConfigurationPlatforms) = postSolution
		{35359188-7466-4CD0-A674-D6EBF083619C}.Debug|Any CPU.ActiveCfg = Debug|Any CPU
		{35359188-7466-4CD0-A674-D6EBF083619C}.Release|Any CPU.ActiveCfg = Release|Any CPU
	EndGlobalSection
	GlobalSection(SolutionProperties) = preSolution
		HideSolutionNode = FALSE
	EndGlobalSection
	GlobalSection(ExtensibilityGlobals) = postSolution
		SolutionGuid = {38AA89DB-7774-447F-AF29-C8DA68AE330F}
	EndGlobalSection
EndGlobal
